Microsoft Visual Studio Solution File, Format Version 11.00
# Visual Studio 2010
Project("{FAE04EC0-301F-11D3-BF4B-00C04F79EFBC}") = "MD5", "MD5.csproj", "{B9392B6F-5B5B-45E5-AB8C-1B7A541E0CD0}"
EndProject
Project("{FAE04EC0-301F-11D3-BF4B-00C04F79EFBC}") = "NUnitTest1", "..\NUnitTest1\NUnitTest1.csproj", "{18614394-19AA-4E8E-A9DD-F74D32F9CE2F}"
EndProject
Project("{FAE04EC0-301F-11D3-BF4B-00C04F79EFBC}") = "Bits", "Bits\Bits.csproj", "{56F96E45-D0A9-468F-80A8-3F3CBE3517DC}"
EndProject
Project("{FAE04EC0-301F-11D3-BF4B-00C04F79EFBC}") = "Bits.Test", "Bits.Test\Bits.Test.csproj", "{1F03AAAC-CAEF-4F40-97EB-B962E57DA7B7}"
EndProject
Project("{FAE04EC0-301F-11D3-BF4B-00C04F79EFBC}") = "Derivations", "..\Derivations\Derivations.csproj", "{1EFC975C-5EA2-46CF-8CFD-8BF35E917737}"
EndProject
Global
	GlobalSection(SolutionConfigurationPlatforms) = preSolution
		Debug|Any CPU = Debug|Any CPU
		Debug|Mixed Platforms = Debug|Mixed Platforms
		Debug|x86 = Debug|x86
		Release|Any CPU = Release|Any CPU
		Release|Mixed Platforms = Release|Mixed Platforms
		Release|x86 = Release|x86
	EndGlobalSection
	GlobalSection(ProjectConfigurationPlatforms) = postSolution
		{B9392B6F-5B5B-45E5-AB8C-1B7A541E0CD0}.Debug|Any CPU.ActiveCfg = Debug|Any CPU
		{B9392B6F-5B5B-45E5-AB8C-1B7A541E0CD0}.Debug|Any CPU.Build.0 = Debug|Any CPU
		{B9392B6F-5B5B-45E5-AB8C-1B7A541E0CD0}.Debug|Mixed Platforms.ActiveCfg = Debug|Any CPU
		{B9392B6F-5B5B-45E5-AB8C-1B7A541E0CD0}.Debug|Mixed Platforms.Build.0 = Debug|Any CPU
		{B9392B6F-5B5B-45E5-AB8C-1B7A541E0CD0}.Debug|x86.ActiveCfg = Debug|Any CPU
		{B9392B6F-5B5B-45E5-AB8C-1B7A541E0CD0}.Release|Any CPU.ActiveCfg = Release|Any CPU
		{B9392B6F-5B5B-45E5-AB8C-1B7A541E0CD0}.Release|Any CPU.Build.0 = Release|Any CPU
		{B9392B6F-5B5B-45E5-AB8C-1B7A541E0CD0}.Release|Mixed Platforms.ActiveCfg = Release|Any CPU
		{B9392B6F-5B5B-45E5-AB8C-1B7A541E0CD0}.Release|Mixed Platforms.Build.0 = Release|Any CPU
		{B9392B6F-5B5B-45E5-AB8C-1B7A541E0CD0}.Release|x86.ActiveCfg = Release|Any CPU
		{18614394-19AA-4E8E-A9DD-F74D32F9CE2F}.Debug|Any CPU.ActiveCfg = Debug|x86
		{18614394-19AA-4E8E-A9DD-F74D32F9CE2F}.Debug|Mixed Platforms.ActiveCfg = Debug|x86
		{18614394-19AA-4E8E-A9DD-F74D32F9CE2F}.Debug|Mixed Platforms.Build.0 = Debug|x86
		{18614394-19AA-4E8E-A9DD-F74D32F9CE2F}.Debug|x86.ActiveCfg = Debug|x86
		{18614394-19AA-4E8E-A9DD-F74D32F9CE2F}.Debug|x86.Build.0 = Debug|x86
		{18614394-19AA-4E8E-A9DD-F74D32F9CE2F}.Release|Any CPU.ActiveCfg = Release|x86
		{18614394-19AA-4E8E-A9DD-F74D32F9CE2F}.Release|Mixed Platforms.ActiveCfg = Release|x86
		{18614394-19AA-4E8E-A9DD-F74D32F9CE2F}.Release|Mixed Platforms.Build.0 = Release|x86
		{18614394-19AA-4E8E-A9DD-F74D32F9CE2F}.Release|x86.ActiveCfg = Release|x86
		{18614394-19AA-4E8E-A9DD-F74D32F9CE2F}.Release|x86.Build.0 = Release|x86
		{56F96E45-D0A9-468F-80A8-3F3CBE3517DC}.Debug|Any CPU.ActiveCfg = Debug|Any CPU
		{56F96E45-D0A9-468F-80A8-3F3CBE3517DC}.Debug|Any CPU.Build.0 = Debug|Any CPU
		{56F96E45-D0A9-468F-80A8-3F3CBE3517DC}.Debug|Mixed Platforms.ActiveCfg = Debug|Any CPU
		{56F96E45-D0A9-468F-80A8-3F3CBE3517DC}.Debug|Mixed Platforms.Build.0 = Debug|Any CPU
		{56F96E45-D0A9-468F-80A8-3F3CBE3517DC}.Debug|x86.ActiveCfg = Debug|Any CPU
		{56F96E45-D0A9-468F-80A8-3F3CBE3517DC}.Release|Any CPU.ActiveCfg = Release|Any CPU
		{56F96E45-D0A9-468F-80A8-3F3CBE3517DC}.Release|Any CPU.Build.0 = Release|Any CPU
		{56F96E45-D0A9-468F-80A8-3F3CBE3517DC}.Release|Mixed Platforms.ActiveCfg = Release|Any CPU
		{56F96E45-D0A9-468F-80A8-3F3CBE3517DC}.Release|Mixed Platforms.Build.0 = Release|Any CPU
		{56F96E45-D0A9-468F-80A8-3F3CBE3517DC}.Release|x86.ActiveCfg = Release|Any CPU
		{1F03AAAC-CAEF-4F40-97EB-B962E57DA7B7}.Debug|Any CPU.ActiveCfg = Debug|Any CPU
		{1F03AAAC-CAEF-4F40-97EB-B962E57DA7B7}.Debug|Any CPU.Build.0 = Debug|Any CPU
		{1F03AAAC-CAEF-4F40-97EB-B962E57DA7B7}.Debug|Mixed Platforms.ActiveCfg = Debug|Any CPU
		{1F03AAAC-CAEF-4F40-97EB-B962E57DA7B7}.Debug|Mixed Platforms.Build.0 = Debug|Any CPU
		{1F03AAAC-CAEF-4F40-97EB-B962E57DA7B7}.Debug|x86.ActiveCfg = Debug|Any CPU
		{1F03AAAC-CAEF-4F40-97EB-B962E57DA7B7}.Release|Any CPU.ActiveCfg = Release|Any CPU
		{1F03AAAC-CAEF-4F40-97EB-B962E57DA7B7}.Release|Any CPU.Build.0 = Release|Any CPU
		{1F03AAAC-CAEF-4F40-97EB-B962E57DA7B7}.Release|Mixed Platforms.ActiveCfg = Release|Any CPU
		{1F03AAAC-CAEF-4F40-97EB-B962E57DA7B7}.Release|Mixed Platforms.Build.0 = Release|Any CPU
		{1F03AAAC-CAEF-4F40-97EB-B962E57DA7B7}.Release|x86.ActiveCfg = Release|Any CPU
		{1EFC975C-5EA2-46CF-8CFD-8BF35E917737}.Debug|Any CPU.ActiveCfg = Debug|x86
		{1EFC975C-5EA2-46CF-8CFD-8BF35E917737}.Debug|Mixed Platforms.ActiveCfg = Debug|x86
		{1EFC975C-5EA2-46CF-8CFD-8BF35E917737}.Debug|Mixed Platforms.Build.0 = Debug|x86
		{1EFC975C-5EA2-46CF-8CFD-8BF35E917737}.Debug|x86.ActiveCfg = Debug|x86
		{1EFC975C-5EA2-46CF-8CFD-8BF35E917737}.Debug|x86.Build.0 = Debug|x86
		{1EFC975C-5EA2-46CF-8CFD-8BF35E917737}.Release|Any CPU.ActiveCfg = Release|x86
		{1EFC975C-5EA2-46CF-8CFD-8BF35E917737}.Release|Mixed Platforms.ActiveCfg = Release|x86
		{1EFC975C-5EA2-46CF-8CFD-8BF35E917737}.Release|Mixed Platforms.Build.0 = Release|x86
		{1EFC975C-5EA2-46CF-8CFD-8BF35E917737}.Release|x86.ActiveCfg = Release|x86
		{1EFC975C-5EA2-46CF-8CFD-8BF35E917737}.Release|x86.Build.0 = Release|x86
	EndGlobalSection
	GlobalSection(SolutionProperties) = preSolution
		HideSolutionNode = FALSE
	EndGlobalSection
EndGlobal
